// !$*UTF8*$!
{
	archiveVersion = 1;
	classes = {
	};
	objectVersion = 55;
	objects = {

/* Begin PBXBuildFile section */
		24099459283622BC004C0E16 /* Common.docc in Sources */ = {isa = PBXBuildFile; fileRef = 24099458283622BC004C0E16 /* Common.docc */; };
		24099465283622BC004C0E16 /* Common.h in Headers */ = {isa = PBXBuildFile; fileRef = 24099457283622BC004C0E16 /* Common.h */; settings = {ATTRIBUTES = (Public, ); }; };
		241F1F71283B868E00B14E0D /* String+Extensions.swift in Sources */ = {isa = PBXBuildFile; fileRef = 241F1F70283B868E00B14E0D /* String+Extensions.swift */; };
		241F1F7C283B8A1D00B14E0D /* Localizable.strings in Resources */ = {isa = PBXBuildFile; fileRef = 241F1F76283B86CA00B14E0D /* Localizable.strings */; };
		24883D102838B26A000BB598 /* IndicatorView.swift in Sources */ = {isa = PBXBuildFile; fileRef = 24883D0C2838B26A000BB598 /* IndicatorView.swift */; };
		24883D112838B26A000BB598 /* Color+Extensions.swift in Sources */ = {isa = PBXBuildFile; fileRef = 24883D0D2838B26A000BB598 /* Color+Extensions.swift */; };
		24883D122838B26A000BB598 /* StarsView.swift in Sources */ = {isa = PBXBuildFile; fileRef = 24883D0E2838B26A000BB598 /* StarsView.swift */; };
		24883D132838B26A000BB598 /* View+Extensions.swift in Sources */ = {isa = PBXBuildFile; fileRef = 24883D0F2838B26A000BB598 /* View+Extensions.swift */; };
		24883D162838B2A8000BB598 /* GameRow.swift in Sources */ = {isa = PBXBuildFile; fileRef = 24883D152838B2A8000BB598 /* GameRow.swift */; };
		24883D77283B3671000BB598 /* Core.framework in Frameworks */ = {isa = PBXBuildFile; fileRef = 24883D76283B3671000BB598 /* Core.framework */; };
		24883D7B283B367B000BB598 /* GameDomain.framework in Frameworks */ = {isa = PBXBuildFile; fileRef = 24883D7A283B367B000BB598 /* GameDomain.framework */; };
		24883D82283B387C000BB598 /* .swiftlint.yml in Resources */ = {isa = PBXBuildFile; fileRef = 24883D81283B387C000BB598 /* .swiftlint.yml */; };
		DBAF1B83FB13B614A1DEECB6 /* Pods_Common.framework in Frameworks */ = {isa = PBXBuildFile; fileRef = C30A4A919F6D58BFCD9E825E /* Pods_Common.framework */; };
/* End PBXBuildFile section */

/* Begin PBXFileReference section */
		0AA945991276783E114BAF5D /* Pods-Common.release.xcconfig */ = {isa = PBXFileReference; includeInIndex = 1; lastKnownFileType = text.xcconfig; name = "Pods-Common.release.xcconfig"; path = "Target Support Files/Pods-Common/Pods-Common.release.xcconfig"; sourceTree = "<group>"; };
		24099454283622BC004C0E16 /* Common.framework */ = {isa = PBXFileReference; explicitFileType = wrapper.framework; includeInIndex = 0; path = Common.framework; sourceTree = BUILT_PRODUCTS_DIR; };
		24099457283622BC004C0E16 /* Common.h */ = {isa = PBXFileReference; lastKnownFileType = sourcecode.c.h; path = Common.h; sourceTree = "<group>"; };
		24099458283622BC004C0E16 /* Common.docc */ = {isa = PBXFileReference; lastKnownFileType = folder.documentationcatalog; path = Common.docc; sourceTree = "<group>"; };
		241F1F70283B868E00B14E0D /* String+Extensions.swift */ = {isa = PBXFileReference; lastKnownFileType = sourcecode.swift; path = "String+Extensions.swift"; sourceTree = "<group>"; };
		241F1F75283B86CA00B14E0D /* id */ = {isa = PBXFileReference; lastKnownFileType = text.plist.strings; name = id; path = id.lproj/Localizable.strings; sourceTree = "<group>"; };
		241F1F77283B86CB00B14E0D /* en */ = {isa = PBXFileReference; lastKnownFileType = text.plist.strings; name = en; path = en.lproj/Localizable.strings; sourceTree = "<group>"; };
		24883D0C2838B26A000BB598 /* IndicatorView.swift */ = {isa = PBXFileReference; fileEncoding = 4; lastKnownFileType = sourcecode.swift; path = IndicatorView.swift; sourceTree = "<group>"; };
		24883D0D2838B26A000BB598 /* Color+Extensions.swift */ = {isa = PBXFileReference; fileEncoding = 4; lastKnownFileType = sourcecode.swift; path = "Color+Extensions.swift"; sourceTree = "<group>"; };
		24883D0E2838B26A000BB598 /* StarsView.swift */ = {isa = PBXFileReference; fileEncoding = 4; lastKnownFileType = sourcecode.swift; path = StarsView.swift; sourceTree = "<group>"; };
		24883D0F2838B26A000BB598 /* View+Extensions.swift */ = {isa = PBXFileReference; fileEncoding = 4; lastKnownFileType = sourcecode.swift; path = "View+Extensions.swift"; sourceTree = "<group>"; };
		24883D152838B2A8000BB598 /* GameRow.swift */ = {isa = PBXFileReference; fileEncoding = 4; lastKnownFileType = sourcecode.swift; path = GameRow.swift; sourceTree = "<group>"; };
		24883D76283B3671000BB598 /* Core.framework */ = {isa = PBXFileReference; explicitFileType = wrapper.framework; path = Core.framework; sourceTree = BUILT_PRODUCTS_DIR; };
		24883D7A283B367B000BB598 /* GameDomain.framework */ = {isa = PBXFileReference; explicitFileType = wrapper.framework; path = GameDomain.framework; sourceTree = BUILT_PRODUCTS_DIR; };
		24883D81283B387C000BB598 /* .swiftlint.yml */ = {isa = PBXFileReference; fileEncoding = 4; lastKnownFileType = text.yaml; path = .swiftlint.yml; sourceTree = "<group>"; };
		49E62F3CB13B4604E3EC5A30 /* Pods-Common.debug.xcconfig */ = {isa = PBXFileReference; includeInIndex = 1; lastKnownFileType = text.xcconfig; name = "Pods-Common.debug.xcconfig"; path = "Target Support Files/Pods-Common/Pods-Common.debug.xcconfig"; sourceTree = "<group>"; };
		C30A4A919F6D58BFCD9E825E /* Pods_Common.framework */ = {isa = PBXFileReference; explicitFileType = wrapper.framework; includeInIndex = 0; path = Pods_Common.framework; sourceTree = BUILT_PRODUCTS_DIR; };
/* End PBXFileReference section */

/* Begin PBXFrameworksBuildPhase section */
		24099451283622BC004C0E16 /* Frameworks */ = {
			isa = PBXFrameworksBuildPhase;
			buildActionMask = 2147483647;
			files = (
				DBAF1B83FB13B614A1DEECB6 /* Pods_Common.framework in Frameworks */,
				24883D77283B3671000BB598 /* Core.framework in Frameworks */,
				24883D7B283B367B000BB598 /* GameDomain.framework in Frameworks */,
			);
			runOnlyForDeploymentPostprocessing = 0;
		};
/* End PBXFrameworksBuildPhase section */

/* Begin PBXGroup section */
		2409944A283622BC004C0E16 = {
			isa = PBXGroup;
			children = (
				24883D81283B387C000BB598 /* .swiftlint.yml */,
				24099456283622BC004C0E16 /* Common */,
				24099455283622BC004C0E16 /* Products */,
				A6973308C213E580F297ACB0 /* Pods */,
				E704CC8AA677C85F812356E3 /* Frameworks */,
			);
			sourceTree = "<group>";
		};
		24099455283622BC004C0E16 /* Products */ = {
			isa = PBXGroup;
			children = (
				24099454283622BC004C0E16 /* Common.framework */,
			);
			name = Products;
			sourceTree = "<group>";
		};
		24099456283622BC004C0E16 /* Common */ = {
			isa = PBXGroup;
			children = (
				241F1F6F283B867100B14E0D /* Localization */,
				24883D142838B27D000BB598 /* Component */,
				24883D0B2838B24F000BB598 /* Utils */,
				24099457283622BC004C0E16 /* Common.h */,
				24099458283622BC004C0E16 /* Common.docc */,
			);
			path = Common;
			sourceTree = "<group>";
		};
		241F1F6F283B867100B14E0D /* Localization */ = {
			isa = PBXGroup;
			children = (
				241F1F76283B86CA00B14E0D /* Localizable.strings */,
			);
			path = Localization;
			sourceTree = "<group>";
		};
		24883D0B2838B24F000BB598 /* Utils */ = {
			isa = PBXGroup;
			children = (
				24883D0F2838B26A000BB598 /* View+Extensions.swift */,
				24883D0D2838B26A000BB598 /* Color+Extensions.swift */,
				241F1F70283B868E00B14E0D /* String+Extensions.swift */,
			);
			path = Utils;
			sourceTree = "<group>";
		};
		24883D142838B27D000BB598 /* Component */ = {
			isa = PBXGroup;
			children = (
				24883D152838B2A8000BB598 /* GameRow.swift */,
				24883D0C2838B26A000BB598 /* IndicatorView.swift */,
				24883D0E2838B26A000BB598 /* StarsView.swift */,
			);
			path = Component;
			sourceTree = "<group>";
		};
		A6973308C213E580F297ACB0 /* Pods */ = {
			isa = PBXGroup;
			children = (
				49E62F3CB13B4604E3EC5A30 /* Pods-Common.debug.xcconfig */,
				0AA945991276783E114BAF5D /* Pods-Common.release.xcconfig */,
			);
			name = Pods;
			path = ../../RawgExpert/Pods;
			sourceTree = "<group>";
		};
		E704CC8AA677C85F812356E3 /* Frameworks */ = {
			isa = PBXGroup;
			children = (
				24883D7A283B367B000BB598 /* GameDomain.framework */,
				24883D76283B3671000BB598 /* Core.framework */,
				C30A4A919F6D58BFCD9E825E /* Pods_Common.framework */,
			);
			name = Frameworks;
			sourceTree = "<group>";
		};
/* End PBXGroup section */

/* Begin PBXHeadersBuildPhase section */
		2409944F283622BC004C0E16 /* Headers */ = {
			isa = PBXHeadersBuildPhase;
			buildActionMask = 2147483647;
			files = (
				24099465283622BC004C0E16 /* Common.h in Headers */,
			);
			runOnlyForDeploymentPostprocessing = 0;
		};
/* End PBXHeadersBuildPhase section */

/* Begin PBXNativeTarget section */
		24099453283622BC004C0E16 /* Common */ = {
			isa = PBXNativeTarget;
			buildConfigurationList = 24099468283622BC004C0E16 /* Build configuration list for PBXNativeTarget "Common" */;
			buildPhases = (
				946F5A355E69CF1C417AD205 /* [CP] Check Pods Manifest.lock */,
				24883D83283B3887000BB598 /* Run SwiftLint */,
				2409944F283622BC004C0E16 /* Headers */,
				24099450283622BC004C0E16 /* Sources */,
				24099451283622BC004C0E16 /* Frameworks */,
				24099452283622BC004C0E16 /* Resources */,
			);
			buildRules = (
			);
			dependencies = (
			);
			name = Common;
			productName = Common;
			productReference = 24099454283622BC004C0E16 /* Common.framework */;
			productType = "com.apple.product-type.framework";
		};
/* End PBXNativeTarget section */

/* Begin PBXProject section */
		2409944B283622BC004C0E16 /* Project object */ = {
			isa = PBXProject;
			attributes = {
				BuildIndependentTargetsInParallel = 1;
				LastSwiftUpdateCheck = 1330;
				LastUpgradeCheck = 1330;
				TargetAttributes = {
					24099453283622BC004C0E16 = {
						CreatedOnToolsVersion = 13.3.1;
					};
				};
			};
			buildConfigurationList = 2409944E283622BC004C0E16 /* Build configuration list for PBXProject "Common" */;
			compatibilityVersion = "Xcode 13.0";
			developmentRegion = en;
			hasScannedForEncodings = 0;
			knownRegions = (
				en,
				Base,
				id,
			);
			mainGroup = 2409944A283622BC004C0E16;
			productRefGroup = 24099455283622BC004C0E16 /* Products */;
			projectDirPath = "";
			projectRoot = "";
			targets = (
				24099453283622BC004C0E16 /* Common */,
			);
		};
/* End PBXProject section */

/* Begin PBXResourcesBuildPhase section */
		24099452283622BC004C0E16 /* Resources */ = {
			isa = PBXResourcesBuildPhase;
			buildActionMask = 2147483647;
			files = (
				24883D82283B387C000BB598 /* .swiftlint.yml in Resources */,
				241F1F7C283B8A1D00B14E0D /* Localizable.strings in Resources */,
			);
			runOnlyForDeploymentPostprocessing = 0;
		};
/* End PBXResourcesBuildPhase section */

/* Begin PBXShellScriptBuildPhase section */
		24883D83283B3887000BB598 /* Run SwiftLint */ = {
			isa = PBXShellScriptBuildPhase;
			buildActionMask = 2147483647;
			files = (
			);
			inputFileListPaths = (
			);
			inputPaths = (
			);
			name = "Run SwiftLint";
			outputFileListPaths = (
			);
			outputPaths = (
			);
			runOnlyForDeploymentPostprocessing = 0;
			shellPath = /bin/sh;
			shellScript = "if which swiftlint > /dev/null; then\n  swiftlint\nelse\n  echo \"warning: SwiftLint not installed, download from https://github.com/realm/SwiftLint\"\nfi\n";
		};
		946F5A355E69CF1C417AD205 /* [CP] Check Pods Manifest.lock */ = {
			isa = PBXShellScriptBuildPhase;
			buildActionMask = 2147483647;
			files = (
			);
			inputFileListPaths = (
			);
			inputPaths = (
				"${PODS_PODFILE_DIR_PATH}/Podfile.lock",
				"${PODS_ROOT}/Manifest.lock",
			);
			name = "[CP] Check Pods Manifest.lock";
			outputFileListPaths = (
			);
			outputPaths = (
				"$(DERIVED_FILE_DIR)/Pods-Common-checkManifestLockResult.txt",
			);
			runOnlyForDeploymentPostprocessing = 0;
			shellPath = /bin/sh;
			shellScript = "diff \"${PODS_PODFILE_DIR_PATH}/Podfile.lock\" \"${PODS_ROOT}/Manifest.lock\" > /dev/null\nif [ $? != 0 ] ; then\n    # print error to STDERR\n    echo \"error: The sandbox is not in sync with the Podfile.lock. Run 'pod install' or update your CocoaPods installation.\" >&2\n    exit 1\nfi\n# This output is used by Xcode 'outputs' to avoid re-running this script phase.\necho \"SUCCESS\" > \"${SCRIPT_OUTPUT_FILE_0}\"\n";
			showEnvVarsInLog = 0;
		};
/* End PBXShellScriptBuildPhase section */

/* Begin PBXSourcesBuildPhase section */
		24099450283622BC004C0E16 /* Sources */ = {
			isa = PBXSourcesBuildPhase;
			buildActionMask = 2147483647;
			files = (
				24883D102838B26A000BB598 /* IndicatorView.swift in Sources */,
				241F1F71283B868E00B14E0D /* String+Extensions.swift in Sources */,
				24099459283622BC004C0E16 /* Common.docc in Sources */,
				24883D162838B2A8000BB598 /* GameRow.swift in Sources */,
				24883D122838B26A000BB598 /* StarsView.swift in Sources */,
				24883D132838B26A000BB598 /* View+Extensions.swift in Sources */,
				24883D112838B26A000BB598 /* Color+Extensions.swift in Sources */,
			);
			runOnlyForDeploymentPostprocessing = 0;
		};
/* End PBXSourcesBuildPhase section */

/* Begin PBXVariantGroup section */
		241F1F76283B86CA00B14E0D /* Localizable.strings */ = {
			isa = PBXVariantGroup;
			children = (
				241F1F75283B86CA00B14E0D /* id */,
				241F1F77283B86CB00B14E0D /* en */,
			);
			name = Localizable.strings;
			sourceTree = "<group>";
		};
/* End PBXVariantGroup section */

/* Begin XCBuildConfiguration section */
		24099466283622BC004C0E16 /* Debug */ = {
			isa = XCBuildConfiguration;
			buildSettings = {
				ALWAYS_SEARCH_USER_PATHS = NO;
				CLANG_ANALYZER_NONNULL = YES;
				CLANG_ANALYZER_NUMBER_OBJECT_CONVERSION = YES_AGGRESSIVE;
				CLANG_CXX_LANGUAGE_STANDARD = "gnu++17";
				CLANG_ENABLE_MODULES = YES;
				CLANG_ENABLE_OBJC_ARC = YES;
				CLANG_ENABLE_OBJC_WEAK = YES;
				CLANG_WARN_BLOCK_CAPTURE_AUTORELEASING = YES;
				CLANG_WARN_BOOL_CONVERSION = YES;
				CLANG_WARN_COMMA = YES;
				CLANG_WARN_CONSTANT_CONVERSION = YES;
				CLANG_WARN_DEPRECATED_OBJC_IMPLEMENTATIONS = YES;
				CLANG_WARN_DIRECT_OBJC_ISA_USAGE = YES_ERROR;
				CLANG_WARN_DOCUMENTATION_COMMENTS = YES;
				CLANG_WARN_EMPTY_BODY = YES;
				CLANG_WARN_ENUM_CONVERSION = YES;
				CLANG_WARN_INFINITE_RECURSION = YES;
				CLANG_WARN_INT_CONVERSION = YES;
				CLANG_WARN_NON_LITERAL_NULL_CONVERSION = YES;
				CLANG_WARN_OBJC_IMPLICIT_RETAIN_SELF = YES;
				CLANG_WARN_OBJC_LITERAL_CONVERSION = YES;
				CLANG_WARN_OBJC_ROOT_CLASS = YES_ERROR;
				CLANG_WARN_QUOTED_INCLUDE_IN_FRAMEWORK_HEADER = YES;
				CLANG_WARN_RANGE_LOOP_ANALYSIS = YES;
				CLANG_WARN_STRICT_PROTOTYPES = YES;
				CLANG_WARN_SUSPICIOUS_MOVE = YES;
				CLANG_WARN_UNGUARDED_AVAILABILITY = YES_AGGRESSIVE;
				CLANG_WARN_UNREACHABLE_CODE = YES;
				CLANG_WARN__DUPLICATE_METHOD_MATCH = YES;
				COPY_PHASE_STRIP = NO;
				CURRENT_PROJECT_VERSION = 1;
				DEBUG_INFORMATION_FORMAT = dwarf;
				ENABLE_STRICT_OBJC_MSGSEND = YES;
				ENABLE_TESTABILITY = YES;
				GCC_C_LANGUAGE_STANDARD = gnu11;
				GCC_DYNAMIC_NO_PIC = NO;
				GCC_NO_COMMON_BLOCKS = YES;
				GCC_OPTIMIZATION_LEVEL = 0;
				GCC_PREPROCESSOR_DEFINITIONS = (
					"DEBUG=1",
					"$(inherited)",
				);
				GCC_WARN_64_TO_32_BIT_CONVERSION = YES;
				GCC_WARN_ABOUT_RETURN_TYPE = YES_ERROR;
				GCC_WARN_UNDECLARED_SELECTOR = YES;
				GCC_WARN_UNINITIALIZED_AUTOS = YES_AGGRESSIVE;
				GCC_WARN_UNUSED_FUNCTION = YES;
				GCC_WARN_UNUSED_VARIABLE = YES;
				IPHONEOS_DEPLOYMENT_TARGET = 15.4;
				MTL_ENABLE_DEBUG_INFO = INCLUDE_SOURCE;
				MTL_FAST_MATH = YES;
				ONLY_ACTIVE_ARCH = YES;
				SDKROOT = iphoneos;
				SWIFT_ACTIVE_COMPILATION_CONDITIONS = DEBUG;
				SWIFT_OPTIMIZATION_LEVEL = "-Onone";
				VERSIONING_SYSTEM = "apple-generic";
				VERSION_INFO_PREFIX = "";
			};
			name = Debug;
		};
		24099467283622BC004C0E16 /* Release */ = {
			isa = XCBuildConfiguration;
			buildSettings = {
				ALWAYS_SEARCH_USER_PATHS = NO;
				CLANG_ANALYZER_NONNULL = YES;
				CLANG_ANALYZER_NUMBER_OBJECT_CONVERSION = YES_AGGRESSIVE;
				CLANG_CXX_LANGUAGE_STANDARD = "gnu++17";
				CLANG_ENABLE_MODULES = YES;
				CLANG_ENABLE_OBJC_ARC = YES;
				CLANG_ENABLE_OBJC_WEAK = YES;
				CLANG_WARN_BLOCK_CAPTURE_AUTORELEASING = YES;
				CLANG_WARN_BOOL_CONVERSION = YES;
				CLANG_WARN_COMMA = YES;
				CLANG_WARN_CONSTANT_CONVERSION = YES;
				CLANG_WARN_DEPRECATED_OBJC_IMPLEMENTATIONS = YES;
				CLANG_WARN_DIRECT_OBJC_ISA_USAGE = YES_ERROR;
				CLANG_WARN_DOCUMENTATION_COMMENTS = YES;
				CLANG_WARN_EMPTY_BODY = YES;
				CLANG_WARN_ENUM_CONVERSION = YES;
				CLANG_WARN_INFINITE_RECURSION = YES;
				CLANG_WARN_INT_CONVERSION = YES;
				CLANG_WARN_NON_LITERAL_NULL_CONVERSION = YES;
				CLANG_WARN_OBJC_IMPLICIT_RETAIN_SELF = YES;
				CLANG_WARN_OBJC_LITERAL_CONVERSION = YES;
				CLANG_WARN_OBJC_ROOT_CLASS = YES_ERROR;
				CLANG_WARN_QUOTED_INCLUDE_IN_FRAMEWORK_HEADER = YES;
				CLANG_WARN_RANGE_LOOP_ANALYSIS = YES;
				CLANG_WARN_STRICT_PROTOTYPES = YES;
				CLANG_WARN_SUSPICIOUS_MOVE = YES;
				CLANG_WARN_UNGUARDED_AVAILABILITY = YES_AGGRESSIVE;
				CLANG_WARN_UNREACHABLE_CODE = YES;
				CLANG_WARN__DUPLICATE_METHOD_MATCH = YES;
				COPY_PHASE_STRIP = NO;
				CURRENT_PROJECT_VERSION = 1;
				DEBUG_INFORMATION_FORMAT = "dwarf-with-dsym";
				ENABLE_NS_ASSERTIONS = NO;
				ENABLE_STRICT_OBJC_MSGSEND = YES;
				GCC_C_LANGUAGE_STANDARD = gnu11;
				GCC_NO_COMMON_BLOCKS = YES;
				GCC_WARN_64_TO_32_BIT_CONVERSION = YES;
				GCC_WARN_ABOUT_RETURN_TYPE = YES_ERROR;
				GCC_WARN_UNDECLARED_SELECTOR = YES;
				GCC_WARN_UNINITIALIZED_AUTOS = YES_AGGRESSIVE;
				GCC_WARN_UNUSED_FUNCTION = YES;
				GCC_WARN_UNUSED_VARIABLE = YES;
				IPHONEOS_DEPLOYMENT_TARGET = 15.4;
				MTL_ENABLE_DEBUG_INFO = NO;
				MTL_FAST_MATH = YES;
				SDKROOT = iphoneos;
				SWIFT_COMPILATION_MODE = wholemodule;
				SWIFT_OPTIMIZATION_LEVEL = "-O";
				VALIDATE_PRODUCT = YES;
				VERSIONING_SYSTEM = "apple-generic";
				VERSION_INFO_PREFIX = "";
			};
			name = Release;
		};
		24099469283622BC004C0E16 /* Debug */ = {
			isa = XCBuildConfiguration;
			baseConfigurationReference = 49E62F3CB13B4604E3EC5A30 /* Pods-Common.debug.xcconfig */;
			buildSettings = {
				CODE_SIGN_IDENTITY = "Apple Development";
				CODE_SIGN_STYLE = Automatic;
				CURRENT_PROJECT_VERSION = 1;
				DEFINES_MODULE = YES;
				DEVELOPMENT_TEAM = X5749K9PL6;
				DYLIB_COMPATIBILITY_VERSION = 1;
				DYLIB_CURRENT_VERSION = 1;
				DYLIB_INSTALL_NAME_BASE = "@rpath";
				GENERATE_INFOPLIST_FILE = YES;
				INFOPLIST_KEY_NSHumanReadableCopyright = "";
				INSTALL_PATH = "$(LOCAL_LIBRARY_DIR)/Frameworks";
				LD_RUNPATH_SEARCH_PATHS = (
					"$(inherited)",
					"@executable_path/Frameworks",
					"@loader_path/Frameworks",
				);
				MARKETING_VERSION = 1.0;
				PRODUCT_BUNDLE_IDENTIFIER = id.haff.Common;
				PRODUCT_NAME = "$(TARGET_NAME:c99extidentifier)";
				SKIP_INSTALL = YES;
				SWIFT_EMIT_LOC_STRINGS = YES;
				SWIFT_VERSION = 5.0;
				TARGETED_DEVICE_FAMILY = "1,2";
			};
			name = Debug;
		};
		2409946A283622BC004C0E16 /* Release */ = {
			isa = XCBuildConfiguration;
			baseConfigurationReference = 0AA945991276783E114BAF5D /* Pods-Common.release.xcconfig */;
			buildSettings = {
				CODE_SIGN_IDENTITY = "Apple Development";
				CODE_SIGN_STYLE = Automatic;
				CURRENT_PROJECT_VERSION = 1;
				DEFINES_MODULE = YES;
				DEVELOPMENT_TEAM = X5749K9PL6;
				DYLIB_COMPATIBILITY_VERSION = 1;
				DYLIB_CURRENT_VERSION = 1;
				DYLIB_INSTALL_NAME_BASE = "@rpath";
				GENERATE_INFOPLIST_FILE = YES;
				INFOPLIST_KEY_NSHumanReadableCopyright = "";
				INSTALL_PATH = "$(LOCAL_LIBRARY_DIR)/Frameworks";
				LD_RUNPATH_SEARCH_PATHS = (
					"$(inherited)",
					"@executable_path/Frameworks",
					"@loader_path/Frameworks",
				);
				MARKETING_VERSION = 1.0;
				PRODUCT_BUNDLE_IDENTIFIER = id.haff.Common;
				PRODUCT_NAME = "$(TARGET_NAME:c99extidentifier)";
				SKIP_INSTALL = YES;
				SWIFT_EMIT_LOC_STRINGS = YES;
				SWIFT_VERSION = 5.0;
				TARGETED_DEVICE_FAMILY = "1,2";
			};
			name = Release;
		};
/* End XCBuildConfiguration section */

/* Begin XCConfigurationList section */
		2409944E283622BC004C0E16 /* Build configuration list for PBXProject "Common" */ = {
			isa = XCConfigurationList;
			buildConfigurations = (
				24099466283622BC004C0E16 /* Debug */,
				24099467283622BC004C0E16 /* Release */,
			);
			defaultConfigurationIsVisible = 0;
			defaultConfigurationName = Release;
		};
		24099468283622BC004C0E16 /* Build configuration list for PBXNativeTarget "Common" */ = {
			isa = XCConfigurationList;
			buildConfigurations = (
				24099469283622BC004C0E16 /* Debug */,
				2409946A283622BC004C0E16 /* Release */,
			);
			defaultConfigurationIsVisible = 0;
			defaultConfigurationName = Release;
		};
/* End XCConfigurationList section */
	};
	rootObject = 2409944B283622BC004C0E16 /* Project object */;
}
