// !$*UTF8*$!
{
	archiveVersion = 1;
	classes = {
	};
	objectVersion = 55;
	objects = {

/* Begin PBXBuildFile section */
		240994E92836233F004C0E16 /* GameDomain.docc in Sources */ = {isa = PBXBuildFile; fileRef = 240994E82836233F004C0E16 /* GameDomain.docc */; };
		240994EF2836233F004C0E16 /* GameDomain.framework in Frameworks */ = {isa = PBXBuildFile; fileRef = 240994E42836233F004C0E16 /* GameDomain.framework */; };
		240994F42836233F004C0E16 /* GameDomainTests.swift in Sources */ = {isa = PBXBuildFile; fileRef = 240994F32836233F004C0E16 /* GameDomainTests.swift */; };
		240994F52836233F004C0E16 /* GameDomain.h in Headers */ = {isa = PBXBuildFile; fileRef = 240994E72836233F004C0E16 /* GameDomain.h */; settings = {ATTRIBUTES = (Public, ); }; };
		24883D1A2838B785000BB598 /* GameModel.swift in Sources */ = {isa = PBXBuildFile; fileRef = 24883D182838B784000BB598 /* GameModel.swift */; };
		24883D1B2838B785000BB598 /* GameDetailModel.swift in Sources */ = {isa = PBXBuildFile; fileRef = 24883D192838B784000BB598 /* GameDetailModel.swift */; };
		24883D4C2838E6E0000BB598 /* .swiftlint.yml in Resources */ = {isa = PBXBuildFile; fileRef = 24883D4B2838E6E0000BB598 /* .swiftlint.yml */; };
		E61599747711A5987D90E396 /* Pods_GameDomain.framework in Frameworks */ = {isa = PBXBuildFile; fileRef = 6563A6920944D795FBC6E789 /* Pods_GameDomain.framework */; };
/* End PBXBuildFile section */

/* Begin PBXContainerItemProxy section */
		240994F02836233F004C0E16 /* PBXContainerItemProxy */ = {
			isa = PBXContainerItemProxy;
			containerPortal = 240994DB2836233F004C0E16 /* Project object */;
			proxyType = 1;
			remoteGlobalIDString = 240994E32836233F004C0E16;
			remoteInfo = GameDomain;
		};
/* End PBXContainerItemProxy section */

/* Begin PBXFileReference section */
		1FE9B99657BA6A3F01C6B845 /* Pods-GameDomain.release.xcconfig */ = {isa = PBXFileReference; includeInIndex = 1; lastKnownFileType = text.xcconfig; name = "Pods-GameDomain.release.xcconfig"; path = "Target Support Files/Pods-GameDomain/Pods-GameDomain.release.xcconfig"; sourceTree = "<group>"; };
		240994E42836233F004C0E16 /* GameDomain.framework */ = {isa = PBXFileReference; explicitFileType = wrapper.framework; includeInIndex = 0; path = GameDomain.framework; sourceTree = BUILT_PRODUCTS_DIR; };
		240994E72836233F004C0E16 /* GameDomain.h */ = {isa = PBXFileReference; lastKnownFileType = sourcecode.c.h; path = GameDomain.h; sourceTree = "<group>"; };
		240994E82836233F004C0E16 /* GameDomain.docc */ = {isa = PBXFileReference; lastKnownFileType = folder.documentationcatalog; path = GameDomain.docc; sourceTree = "<group>"; };
		240994EE2836233F004C0E16 /* GameDomainTests.xctest */ = {isa = PBXFileReference; explicitFileType = wrapper.cfbundle; includeInIndex = 0; path = GameDomainTests.xctest; sourceTree = BUILT_PRODUCTS_DIR; };
		240994F32836233F004C0E16 /* GameDomainTests.swift */ = {isa = PBXFileReference; lastKnownFileType = sourcecode.swift; path = GameDomainTests.swift; sourceTree = "<group>"; };
		24883D182838B784000BB598 /* GameModel.swift */ = {isa = PBXFileReference; fileEncoding = 4; lastKnownFileType = sourcecode.swift; path = GameModel.swift; sourceTree = "<group>"; };
		24883D192838B784000BB598 /* GameDetailModel.swift */ = {isa = PBXFileReference; fileEncoding = 4; lastKnownFileType = sourcecode.swift; path = GameDetailModel.swift; sourceTree = "<group>"; };
		24883D4B2838E6E0000BB598 /* .swiftlint.yml */ = {isa = PBXFileReference; fileEncoding = 4; lastKnownFileType = text.yaml; path = .swiftlint.yml; sourceTree = "<group>"; };
		6563A6920944D795FBC6E789 /* Pods_GameDomain.framework */ = {isa = PBXFileReference; explicitFileType = wrapper.framework; includeInIndex = 0; path = Pods_GameDomain.framework; sourceTree = BUILT_PRODUCTS_DIR; };
		6BACD2020D429BBAB1C737BA /* Pods-GameDomain.debug.xcconfig */ = {isa = PBXFileReference; includeInIndex = 1; lastKnownFileType = text.xcconfig; name = "Pods-GameDomain.debug.xcconfig"; path = "Target Support Files/Pods-GameDomain/Pods-GameDomain.debug.xcconfig"; sourceTree = "<group>"; };
/* End PBXFileReference section */

/* Begin PBXFrameworksBuildPhase section */
		240994E12836233F004C0E16 /* Frameworks */ = {
			isa = PBXFrameworksBuildPhase;
			buildActionMask = 2147483647;
			files = (
				E61599747711A5987D90E396 /* Pods_GameDomain.framework in Frameworks */,
			);
			runOnlyForDeploymentPostprocessing = 0;
		};
		240994EB2836233F004C0E16 /* Frameworks */ = {
			isa = PBXFrameworksBuildPhase;
			buildActionMask = 2147483647;
			files = (
				240994EF2836233F004C0E16 /* GameDomain.framework in Frameworks */,
			);
			runOnlyForDeploymentPostprocessing = 0;
		};
/* End PBXFrameworksBuildPhase section */

/* Begin PBXGroup section */
		240994DA2836233F004C0E16 = {
			isa = PBXGroup;
			children = (
				24883D4B2838E6E0000BB598 /* .swiftlint.yml */,
				240994E62836233F004C0E16 /* GameDomain */,
				240994F22836233F004C0E16 /* GameDomainTests */,
				240994E52836233F004C0E16 /* Products */,
				A7357089F12E9E00CAE045C5 /* Pods */,
				F68EDBE070B859E77FF5BD87 /* Frameworks */,
			);
			sourceTree = "<group>";
		};
		240994E52836233F004C0E16 /* Products */ = {
			isa = PBXGroup;
			children = (
				240994E42836233F004C0E16 /* GameDomain.framework */,
				240994EE2836233F004C0E16 /* GameDomainTests.xctest */,
			);
			name = Products;
			sourceTree = "<group>";
		};
		240994E62836233F004C0E16 /* GameDomain */ = {
			isa = PBXGroup;
			children = (
				24883D172838B777000BB598 /* Model */,
				240994E72836233F004C0E16 /* GameDomain.h */,
				240994E82836233F004C0E16 /* GameDomain.docc */,
			);
			path = GameDomain;
			sourceTree = "<group>";
		};
		240994F22836233F004C0E16 /* GameDomainTests */ = {
			isa = PBXGroup;
			children = (
				240994F32836233F004C0E16 /* GameDomainTests.swift */,
			);
			path = GameDomainTests;
			sourceTree = "<group>";
		};
		24883D172838B777000BB598 /* Model */ = {
			isa = PBXGroup;
			children = (
				24883D182838B784000BB598 /* GameModel.swift */,
				24883D192838B784000BB598 /* GameDetailModel.swift */,
			);
			path = Model;
			sourceTree = "<group>";
		};
		A7357089F12E9E00CAE045C5 /* Pods */ = {
			isa = PBXGroup;
			children = (
				6BACD2020D429BBAB1C737BA /* Pods-GameDomain.debug.xcconfig */,
				1FE9B99657BA6A3F01C6B845 /* Pods-GameDomain.release.xcconfig */,
			);
			name = Pods;
			path = ../../RawgExpert/Pods;
			sourceTree = "<group>";
		};
		F68EDBE070B859E77FF5BD87 /* Frameworks */ = {
			isa = PBXGroup;
			children = (
				6563A6920944D795FBC6E789 /* Pods_GameDomain.framework */,
			);
			name = Frameworks;
			sourceTree = "<group>";
		};
/* End PBXGroup section */

/* Begin PBXHeadersBuildPhase section */
		240994DF2836233F004C0E16 /* Headers */ = {
			isa = PBXHeadersBuildPhase;
			buildActionMask = 2147483647;
			files = (
				240994F52836233F004C0E16 /* GameDomain.h in Headers */,
			);
			runOnlyForDeploymentPostprocessing = 0;
		};
/* End PBXHeadersBuildPhase section */

/* Begin PBXNativeTarget section */
		240994E32836233F004C0E16 /* GameDomain */ = {
			isa = PBXNativeTarget;
			buildConfigurationList = 240994F82836233F004C0E16 /* Build configuration list for PBXNativeTarget "GameDomain" */;
			buildPhases = (
				80D6DA2B8C8A58B7CC182A1C /* [CP] Check Pods Manifest.lock */,
				24883D4A2838E6CD000BB598 /* Run Swiftlint */,
				240994DF2836233F004C0E16 /* Headers */,
				240994E02836233F004C0E16 /* Sources */,
				240994E12836233F004C0E16 /* Frameworks */,
				240994E22836233F004C0E16 /* Resources */,
			);
			buildRules = (
			);
			dependencies = (
			);
			name = GameDomain;
			productName = GameDomain;
			productReference = 240994E42836233F004C0E16 /* GameDomain.framework */;
			productType = "com.apple.product-type.framework";
		};
		240994ED2836233F004C0E16 /* GameDomainTests */ = {
			isa = PBXNativeTarget;
			buildConfigurationList = 240994FB2836233F004C0E16 /* Build configuration list for PBXNativeTarget "GameDomainTests" */;
			buildPhases = (
				240994EA2836233F004C0E16 /* Sources */,
				240994EB2836233F004C0E16 /* Frameworks */,
				240994EC2836233F004C0E16 /* Resources */,
			);
			buildRules = (
			);
			dependencies = (
				240994F12836233F004C0E16 /* PBXTargetDependency */,
			);
			name = GameDomainTests;
			productName = GameDomainTests;
			productReference = 240994EE2836233F004C0E16 /* GameDomainTests.xctest */;
			productType = "com.apple.product-type.bundle.unit-test";
		};
/* End PBXNativeTarget section */

/* Begin PBXProject section */
		240994DB2836233F004C0E16 /* Project object */ = {
			isa = PBXProject;
			attributes = {
				BuildIndependentTargetsInParallel = 1;
				LastSwiftUpdateCheck = 1330;
				LastUpgradeCheck = 1330;
				TargetAttributes = {
					240994E32836233F004C0E16 = {
						CreatedOnToolsVersion = 13.3.1;
					};
					240994ED2836233F004C0E16 = {
						CreatedOnToolsVersion = 13.3.1;
					};
				};
			};
			buildConfigurationList = 240994DE2836233F004C0E16 /* Build configuration list for PBXProject "GameDomain" */;
			compatibilityVersion = "Xcode 13.0";
			developmentRegion = en;
			hasScannedForEncodings = 0;
			knownRegions = (
				en,
				Base,
			);
			mainGroup = 240994DA2836233F004C0E16;
			productRefGroup = 240994E52836233F004C0E16 /* Products */;
			projectDirPath = "";
			projectRoot = "";
			targets = (
				240994E32836233F004C0E16 /* GameDomain */,
				240994ED2836233F004C0E16 /* GameDomainTests */,
			);
		};
/* End PBXProject section */

/* Begin PBXResourcesBuildPhase section */
		240994E22836233F004C0E16 /* Resources */ = {
			isa = PBXResourcesBuildPhase;
			buildActionMask = 2147483647;
			files = (
				24883D4C2838E6E0000BB598 /* .swiftlint.yml in Resources */,
			);
			runOnlyForDeploymentPostprocessing = 0;
		};
		240994EC2836233F004C0E16 /* Resources */ = {
			isa = PBXResourcesBuildPhase;
			buildActionMask = 2147483647;
			files = (
			);
			runOnlyForDeploymentPostprocessing = 0;
		};
/* End PBXResourcesBuildPhase section */

/* Begin PBXShellScriptBuildPhase section */
		24883D4A2838E6CD000BB598 /* Run Swiftlint */ = {
			isa = PBXShellScriptBuildPhase;
			buildActionMask = 2147483647;
			files = (
			);
			inputFileListPaths = (
			);
			inputPaths = (
			);
			name = "Run Swiftlint";
			outputFileListPaths = (
			);
			outputPaths = (
			);
			runOnlyForDeploymentPostprocessing = 0;
			shellPath = /bin/sh;
			shellScript = "if which swiftlint > /dev/null; then\n  swiftlint\nelse\n  echo \"warning: SwiftLint not installed, download from https://github.com/realm/SwiftLint\"\nfi\n\n";
		};
		80D6DA2B8C8A58B7CC182A1C /* [CP] Check Pods Manifest.lock */ = {
			isa = PBXShellScriptBuildPhase;
			buildActionMask = 2147483647;
			files = (
			);
			inputFileListPaths = (
			);
			inputPaths = (
				"${PODS_PODFILE_DIR_PATH}/Podfile.lock",
				"${PODS_ROOT}/Manifest.lock",
			);
			name = "[CP] Check Pods Manifest.lock";
			outputFileListPaths = (
			);
			outputPaths = (
				"$(DERIVED_FILE_DIR)/Pods-GameDomain-checkManifestLockResult.txt",
			);
			runOnlyForDeploymentPostprocessing = 0;
			shellPath = /bin/sh;
			shellScript = "diff \"${PODS_PODFILE_DIR_PATH}/Podfile.lock\" \"${PODS_ROOT}/Manifest.lock\" > /dev/null\nif [ $? != 0 ] ; then\n    # print error to STDERR\n    echo \"error: The sandbox is not in sync with the Podfile.lock. Run 'pod install' or update your CocoaPods installation.\" >&2\n    exit 1\nfi\n# This output is used by Xcode 'outputs' to avoid re-running this script phase.\necho \"SUCCESS\" > \"${SCRIPT_OUTPUT_FILE_0}\"\n";
			showEnvVarsInLog = 0;
		};
/* End PBXShellScriptBuildPhase section */

/* Begin PBXSourcesBuildPhase section */
		240994E02836233F004C0E16 /* Sources */ = {
			isa = PBXSourcesBuildPhase;
			buildActionMask = 2147483647;
			files = (
				240994E92836233F004C0E16 /* GameDomain.docc in Sources */,
				24883D1A2838B785000BB598 /* GameModel.swift in Sources */,
				24883D1B2838B785000BB598 /* GameDetailModel.swift in Sources */,
			);
			runOnlyForDeploymentPostprocessing = 0;
		};
		240994EA2836233F004C0E16 /* Sources */ = {
			isa = PBXSourcesBuildPhase;
			buildActionMask = 2147483647;
			files = (
				240994F42836233F004C0E16 /* GameDomainTests.swift in Sources */,
			);
			runOnlyForDeploymentPostprocessing = 0;
		};
/* End PBXSourcesBuildPhase section */

/* Begin PBXTargetDependency section */
		240994F12836233F004C0E16 /* PBXTargetDependency */ = {
			isa = PBXTargetDependency;
			target = 240994E32836233F004C0E16 /* GameDomain */;
			targetProxy = 240994F02836233F004C0E16 /* PBXContainerItemProxy */;
		};
/* End PBXTargetDependency section */

/* Begin XCBuildConfiguration section */
		240994F62836233F004C0E16 /* Debug */ = {
			isa = XCBuildConfiguration;
			buildSettings = {
				ALWAYS_SEARCH_USER_PATHS = NO;
				CLANG_ANALYZER_NONNULL = YES;
				CLANG_ANALYZER_NUMBER_OBJECT_CONVERSION = YES_AGGRESSIVE;
				CLANG_CXX_LANGUAGE_STANDARD = "gnu++17";
				CLANG_ENABLE_MODULES = YES;
				CLANG_ENABLE_OBJC_ARC = YES;
				CLANG_ENABLE_OBJC_WEAK = YES;
				CLANG_WARN_BLOCK_CAPTURE_AUTORELEASING = YES;
				CLANG_WARN_BOOL_CONVERSION = YES;
				CLANG_WARN_COMMA = YES;
				CLANG_WARN_CONSTANT_CONVERSION = YES;
				CLANG_WARN_DEPRECATED_OBJC_IMPLEMENTATIONS = YES;
				CLANG_WARN_DIRECT_OBJC_ISA_USAGE = YES_ERROR;
				CLANG_WARN_DOCUMENTATION_COMMENTS = YES;
				CLANG_WARN_EMPTY_BODY = YES;
				CLANG_WARN_ENUM_CONVERSION = YES;
				CLANG_WARN_INFINITE_RECURSION = YES;
				CLANG_WARN_INT_CONVERSION = YES;
				CLANG_WARN_NON_LITERAL_NULL_CONVERSION = YES;
				CLANG_WARN_OBJC_IMPLICIT_RETAIN_SELF = YES;
				CLANG_WARN_OBJC_LITERAL_CONVERSION = YES;
				CLANG_WARN_OBJC_ROOT_CLASS = YES_ERROR;
				CLANG_WARN_QUOTED_INCLUDE_IN_FRAMEWORK_HEADER = YES;
				CLANG_WARN_RANGE_LOOP_ANALYSIS = YES;
				CLANG_WARN_STRICT_PROTOTYPES = YES;
				CLANG_WARN_SUSPICIOUS_MOVE = YES;
				CLANG_WARN_UNGUARDED_AVAILABILITY = YES_AGGRESSIVE;
				CLANG_WARN_UNREACHABLE_CODE = YES;
				CLANG_WARN__DUPLICATE_METHOD_MATCH = YES;
				COPY_PHASE_STRIP = NO;
				CURRENT_PROJECT_VERSION = 1;
				DEBUG_INFORMATION_FORMAT = dwarf;
				ENABLE_STRICT_OBJC_MSGSEND = YES;
				ENABLE_TESTABILITY = YES;
				GCC_C_LANGUAGE_STANDARD = gnu11;
				GCC_DYNAMIC_NO_PIC = NO;
				GCC_NO_COMMON_BLOCKS = YES;
				GCC_OPTIMIZATION_LEVEL = 0;
				GCC_PREPROCESSOR_DEFINITIONS = (
					"DEBUG=1",
					"$(inherited)",
				);
				GCC_WARN_64_TO_32_BIT_CONVERSION = YES;
				GCC_WARN_ABOUT_RETURN_TYPE = YES_ERROR;
				GCC_WARN_UNDECLARED_SELECTOR = YES;
				GCC_WARN_UNINITIALIZED_AUTOS = YES_AGGRESSIVE;
				GCC_WARN_UNUSED_FUNCTION = YES;
				GCC_WARN_UNUSED_VARIABLE = YES;
				IPHONEOS_DEPLOYMENT_TARGET = 15.4;
				MTL_ENABLE_DEBUG_INFO = INCLUDE_SOURCE;
				MTL_FAST_MATH = YES;
				ONLY_ACTIVE_ARCH = YES;
				SDKROOT = iphoneos;
				SWIFT_ACTIVE_COMPILATION_CONDITIONS = DEBUG;
				SWIFT_OPTIMIZATION_LEVEL = "-Onone";
				VERSIONING_SYSTEM = "apple-generic";
				VERSION_INFO_PREFIX = "";
			};
			name = Debug;
		};
		240994F72836233F004C0E16 /* Release */ = {
			isa = XCBuildConfiguration;
			buildSettings = {
				ALWAYS_SEARCH_USER_PATHS = NO;
				CLANG_ANALYZER_NONNULL = YES;
				CLANG_ANALYZER_NUMBER_OBJECT_CONVERSION = YES_AGGRESSIVE;
				CLANG_CXX_LANGUAGE_STANDARD = "gnu++17";
				CLANG_ENABLE_MODULES = YES;
				CLANG_ENABLE_OBJC_ARC = YES;
				CLANG_ENABLE_OBJC_WEAK = YES;
				CLANG_WARN_BLOCK_CAPTURE_AUTORELEASING = YES;
				CLANG_WARN_BOOL_CONVERSION = YES;
				CLANG_WARN_COMMA = YES;
				CLANG_WARN_CONSTANT_CONVERSION = YES;
				CLANG_WARN_DEPRECATED_OBJC_IMPLEMENTATIONS = YES;
				CLANG_WARN_DIRECT_OBJC_ISA_USAGE = YES_ERROR;
				CLANG_WARN_DOCUMENTATION_COMMENTS = YES;
				CLANG_WARN_EMPTY_BODY = YES;
				CLANG_WARN_ENUM_CONVERSION = YES;
				CLANG_WARN_INFINITE_RECURSION = YES;
				CLANG_WARN_INT_CONVERSION = YES;
				CLANG_WARN_NON_LITERAL_NULL_CONVERSION = YES;
				CLANG_WARN_OBJC_IMPLICIT_RETAIN_SELF = YES;
				CLANG_WARN_OBJC_LITERAL_CONVERSION = YES;
				CLANG_WARN_OBJC_ROOT_CLASS = YES_ERROR;
				CLANG_WARN_QUOTED_INCLUDE_IN_FRAMEWORK_HEADER = YES;
				CLANG_WARN_RANGE_LOOP_ANALYSIS = YES;
				CLANG_WARN_STRICT_PROTOTYPES = YES;
				CLANG_WARN_SUSPICIOUS_MOVE = YES;
				CLANG_WARN_UNGUARDED_AVAILABILITY = YES_AGGRESSIVE;
				CLANG_WARN_UNREACHABLE_CODE = YES;
				CLANG_WARN__DUPLICATE_METHOD_MATCH = YES;
				COPY_PHASE_STRIP = NO;
				CURRENT_PROJECT_VERSION = 1;
				DEBUG_INFORMATION_FORMAT = "dwarf-with-dsym";
				ENABLE_NS_ASSERTIONS = NO;
				ENABLE_STRICT_OBJC_MSGSEND = YES;
				GCC_C_LANGUAGE_STANDARD = gnu11;
				GCC_NO_COMMON_BLOCKS = YES;
				GCC_WARN_64_TO_32_BIT_CONVERSION = YES;
				GCC_WARN_ABOUT_RETURN_TYPE = YES_ERROR;
				GCC_WARN_UNDECLARED_SELECTOR = YES;
				GCC_WARN_UNINITIALIZED_AUTOS = YES_AGGRESSIVE;
				GCC_WARN_UNUSED_FUNCTION = YES;
				GCC_WARN_UNUSED_VARIABLE = YES;
				IPHONEOS_DEPLOYMENT_TARGET = 15.4;
				MTL_ENABLE_DEBUG_INFO = NO;
				MTL_FAST_MATH = YES;
				SDKROOT = iphoneos;
				SWIFT_COMPILATION_MODE = wholemodule;
				SWIFT_OPTIMIZATION_LEVEL = "-O";
				VALIDATE_PRODUCT = YES;
				VERSIONING_SYSTEM = "apple-generic";
				VERSION_INFO_PREFIX = "";
			};
			name = Release;
		};
		240994F92836233F004C0E16 /* Debug */ = {
			isa = XCBuildConfiguration;
			baseConfigurationReference = 6BACD2020D429BBAB1C737BA /* Pods-GameDomain.debug.xcconfig */;
			buildSettings = {
				CODE_SIGN_IDENTITY = "Apple Development";
				CODE_SIGN_STYLE = Automatic;
				CURRENT_PROJECT_VERSION = 1;
				DEFINES_MODULE = YES;
				DEVELOPMENT_TEAM = X5749K9PL6;
				DYLIB_COMPATIBILITY_VERSION = 1;
				DYLIB_CURRENT_VERSION = 1;
				DYLIB_INSTALL_NAME_BASE = "@rpath";
				GENERATE_INFOPLIST_FILE = YES;
				INFOPLIST_KEY_NSHumanReadableCopyright = "";
				INSTALL_PATH = "$(LOCAL_LIBRARY_DIR)/Frameworks";
				LD_RUNPATH_SEARCH_PATHS = (
					"$(inherited)",
					"@executable_path/Frameworks",
					"@loader_path/Frameworks",
				);
				MARKETING_VERSION = 1.0;
				PRODUCT_BUNDLE_IDENTIFIER = id.haff.GameDomain;
				PRODUCT_NAME = "$(TARGET_NAME:c99extidentifier)";
				SKIP_INSTALL = YES;
				SWIFT_EMIT_LOC_STRINGS = YES;
				SWIFT_VERSION = 5.0;
				TARGETED_DEVICE_FAMILY = "1,2";
			};
			name = Debug;
		};
		240994FA2836233F004C0E16 /* Release */ = {
			isa = XCBuildConfiguration;
			baseConfigurationReference = 1FE9B99657BA6A3F01C6B845 /* Pods-GameDomain.release.xcconfig */;
			buildSettings = {
				CODE_SIGN_IDENTITY = "Apple Development";
				CODE_SIGN_STYLE = Automatic;
				CURRENT_PROJECT_VERSION = 1;
				DEFINES_MODULE = YES;
				DEVELOPMENT_TEAM = X5749K9PL6;
				DYLIB_COMPATIBILITY_VERSION = 1;
				DYLIB_CURRENT_VERSION = 1;
				DYLIB_INSTALL_NAME_BASE = "@rpath";
				GENERATE_INFOPLIST_FILE = YES;
				INFOPLIST_KEY_NSHumanReadableCopyright = "";
				INSTALL_PATH = "$(LOCAL_LIBRARY_DIR)/Frameworks";
				LD_RUNPATH_SEARCH_PATHS = (
					"$(inherited)",
					"@executable_path/Frameworks",
					"@loader_path/Frameworks",
				);
				MARKETING_VERSION = 1.0;
				PRODUCT_BUNDLE_IDENTIFIER = id.haff.GameDomain;
				PRODUCT_NAME = "$(TARGET_NAME:c99extidentifier)";
				SKIP_INSTALL = YES;
				SWIFT_EMIT_LOC_STRINGS = YES;
				SWIFT_VERSION = 5.0;
				TARGETED_DEVICE_FAMILY = "1,2";
			};
			name = Release;
		};
		240994FC2836233F004C0E16 /* Debug */ = {
			isa = XCBuildConfiguration;
			buildSettings = {
				ALWAYS_EMBED_SWIFT_STANDARD_LIBRARIES = YES;
				CODE_SIGN_STYLE = Automatic;
				CURRENT_PROJECT_VERSION = 1;
				GENERATE_INFOPLIST_FILE = YES;
				MARKETING_VERSION = 1.0;
				PRODUCT_BUNDLE_IDENTIFIER = id.haff.GameDomainTests;
				PRODUCT_NAME = "$(TARGET_NAME)";
				SWIFT_EMIT_LOC_STRINGS = NO;
				SWIFT_VERSION = 5.0;
				TARGETED_DEVICE_FAMILY = "1,2";
			};
			name = Debug;
		};
		240994FD2836233F004C0E16 /* Release */ = {
			isa = XCBuildConfiguration;
			buildSettings = {
				ALWAYS_EMBED_SWIFT_STANDARD_LIBRARIES = YES;
				CODE_SIGN_STYLE = Automatic;
				CURRENT_PROJECT_VERSION = 1;
				GENERATE_INFOPLIST_FILE = YES;
				MARKETING_VERSION = 1.0;
				PRODUCT_BUNDLE_IDENTIFIER = id.haff.GameDomainTests;
				PRODUCT_NAME = "$(TARGET_NAME)";
				SWIFT_EMIT_LOC_STRINGS = NO;
				SWIFT_VERSION = 5.0;
				TARGETED_DEVICE_FAMILY = "1,2";
			};
			name = Release;
		};
/* End XCBuildConfiguration section */

/* Begin XCConfigurationList section */
		240994DE2836233F004C0E16 /* Build configuration list for PBXProject "GameDomain" */ = {
			isa = XCConfigurationList;
			buildConfigurations = (
				240994F62836233F004C0E16 /* Debug */,
				240994F72836233F004C0E16 /* Release */,
			);
			defaultConfigurationIsVisible = 0;
			defaultConfigurationName = Release;
		};
		240994F82836233F004C0E16 /* Build configuration list for PBXNativeTarget "GameDomain" */ = {
			isa = XCConfigurationList;
			buildConfigurations = (
				240994F92836233F004C0E16 /* Debug */,
				240994FA2836233F004C0E16 /* Release */,
			);
			defaultConfigurationIsVisible = 0;
			defaultConfigurationName = Release;
		};
		240994FB2836233F004C0E16 /* Build configuration list for PBXNativeTarget "GameDomainTests" */ = {
			isa = XCConfigurationList;
			buildConfigurations = (
				240994FC2836233F004C0E16 /* Debug */,
				240994FD2836233F004C0E16 /* Release */,
			);
			defaultConfigurationIsVisible = 0;
			defaultConfigurationName = Release;
		};
/* End XCConfigurationList section */
	};
	rootObject = 240994DB2836233F004C0E16 /* Project object */;
}
